
Microsoft Visual Studio Solution File, Format Version 12.00
# Visual Studio 15
VisualStudioVersion = 15.0.27130.2027
MinimumVisualStudioVersion = 10.0.40219.1
Project("{9A19103F-16F7-4668-BE54-9A1E7A4F7556}") = "Microsoft.Bot.Builder.Teams", "Microsoft.Bot.Builder.Teams\Microsoft.Bot.Builder.Teams.csproj", "{D6D64A58-CC87-4D37-A674-2F5BC5550A98}"
EndProject
Project("{9A19103F-16F7-4668-BE54-9A1E7A4F7556}") = "Microsoft.Bot.Schema.Teams", "Microsoft.Bot.Schema.Teams\Microsoft.Bot.Schema.Teams.csproj", "{E35C2027-35F4-4DE3-B803-F97E25C904B8}"
EndProject
Project("{9A19103F-16F7-4668-BE54-9A1E7A4F7556}") = "Microsoft.Bot.Connector.Teams", "Microsoft.Bot.Connector.Teams\Microsoft.Bot.Connector.Teams.csproj", "{FD84EFEB-A45A-4B72-A517-2E766EF80940}"
EndProject
Project("{2150E333-8FDC-42A3-9474-1A3956D46DE8}") = "DI-Samples", "DI-Samples", "{8DAF7066-DD7F-4FAA-8B08-9A7268EE8D3B}"
	ProjectSection(SolutionItems) = preProject
		DI-Samples\ReadMe.MD = DI-Samples\ReadMe.MD
	EndProjectSection
EndProject
Project("{2150E333-8FDC-42A3-9474-1A3956D46DE8}") = "Tests", "Tests", "{8BAE4F38-1C1E-4C64-B8AE-C87A040A995C}"
EndProject
Project("{9A19103F-16F7-4668-BE54-9A1E7A4F7556}") = "Microsoft.Bot.Builder.Teams.Tests", "UnitTests\Microsoft.Bot.Builder.Teams.Tests\Microsoft.Bot.Builder.Teams.Tests.csproj", "{91418A9A-1DF2-4D97-9FD5-3AF6885BAA10}"
EndProject
Project("{9A19103F-16F7-4668-BE54-9A1E7A4F7556}") = "Microsoft.Bot.Builder.Teams.SampleMiddlewares", "DI-Samples\Microsoft.Bot.Builder.SampleMiddlewares\Microsoft.Bot.Builder.Teams.SampleMiddlewares.csproj", "{AB64B4BD-5BEE-410F-B1C1-162CAB125B81}"
EndProject
Project("{9A19103F-16F7-4668-BE54-9A1E7A4F7556}") = "Microsoft.Bot.Builder.Abstractions", "DI-Samples\Microsoft.Bot.Builder.Abstractions\Microsoft.Bot.Builder.Abstractions.csproj", "{3317EBF0-F306-478D-B421-C58A72F401AA}"
EndProject
Project("{9A19103F-16F7-4668-BE54-9A1E7A4F7556}") = "Microsoft.Bot.Builder.Abstractions.Teams", "DI-Samples\Microsoft.Bot.Builder.Abstractions.Teams\Microsoft.Bot.Builder.Abstractions.Teams.csproj", "{0CF53550-43C2-4BD2-BF67-3A7FD9F48120}"
EndProject
Project("{2150E333-8FDC-42A3-9474-1A3956D46DE8}") = "Solution Items", "Solution Items", "{16CEE01F-F897-4FAD-99F7-DC7328BD4DA1}"
	ProjectSection(SolutionItems) = preProject
		..\Swagger\TeamsAPI.json = ..\Swagger\TeamsAPI.json
	EndProjectSection
EndProject
Project("{9A19103F-16F7-4668-BE54-9A1E7A4F7556}") = "Microsoft.Bot.Builder.Teams.ComposeExtension", "DI-Samples\Microsoft.Bot.Builder.Teams.ComposeExtension\Microsoft.Bot.Builder.Teams.ComposeExtension.csproj", "{0A885953-CB7E-48D4-B4CB-01DA5ABAB7A1}"
EndProject
Project("{FAE04EC0-301F-11D3-BF4B-00C04F79EFBC}") = "Microsoft.Bot.Builder.Teams.ASPNet.TeamHistoryBot", "DI-Samples\Microsoft.Bot.Builder.Teams.ASPNet.TeamHistoryBot\Microsoft.Bot.Builder.Teams.ASPNet.TeamHistoryBot.csproj", "{FA5885B2-F65A-4CC2-8273-C0E4178BD492}"
EndProject
Project("{9A19103F-16F7-4668-BE54-9A1E7A4F7556}") = "Microsoft.Bot.Builder.Teams.TeamHistoryBot", "DI-Samples\Microsoft.Bot.Builder.Teams.TeamHistoryBot\Microsoft.Bot.Builder.Teams.TeamHistoryBot.csproj", "{76E95DCE-C9EB-438D-9751-1388B5D693D8}"
EndProject
Project("{9A19103F-16F7-4668-BE54-9A1E7A4F7556}") = "Microsoft.Bot.Builder.Teams.HRBot", "DI-Samples\Microsoft.Bot.Builder.Teams.HRBot\Microsoft.Bot.Builder.Teams.HRBot.csproj", "{37F2FC7C-F658-4B51-8867-D6ABE5D905F9}"
EndProject
Project("{2150E333-8FDC-42A3-9474-1A3956D46DE8}") = "BFStyle-Samples", "BFStyle-Samples", "{696D57E4-820D-47AD-BE30-79A32B390604}"
EndProject
Project("{9A19103F-16F7-4668-BE54-9A1E7A4F7556}") = "Microsoft.Bot.Builder.Teams.TeamEchoBot", "BFStyle-Samples\Microsoft.Bot.Builder.Teams.TeamEchoBot\Microsoft.Bot.Builder.Teams.TeamEchoBot.csproj", "{662E25A2-78B8-4AEB-AC52-2327FBB13EC4}"
EndProject
Project("{2150E333-8FDC-42A3-9474-1A3956D46DE8}") = "Samples", "Samples", "{A81FD3C0-3A70-41EF-8DE0-2560C0A182F9}"
EndProject
Project("{FAE04EC0-301F-11D3-BF4B-00C04F79EFBC}") = "Micosoft.Bot.Builder.Teams.RemindMeBot", "Micosoft.Bot.Builder.Teams.RemindMeBot\Micosoft.Bot.Builder.Teams.RemindMeBot.csproj", "{DCEBCEDB-5FE5-47C8-967E-6432C42F7F10}"
EndProject
Global
	GlobalSection(SolutionConfigurationPlatforms) = preSolution
		Debug|Any CPU = Debug|Any CPU
		Release|Any CPU = Release|Any CPU
	EndGlobalSection
	GlobalSection(ProjectConfigurationPlatforms) = postSolution
		{D6D64A58-CC87-4D37-A674-2F5BC5550A98}.Debug|Any CPU.ActiveCfg = Debug|Any CPU
		{D6D64A58-CC87-4D37-A674-2F5BC5550A98}.Debug|Any CPU.Build.0 = Debug|Any CPU
		{D6D64A58-CC87-4D37-A674-2F5BC5550A98}.Release|Any CPU.ActiveCfg = Release|Any CPU
		{D6D64A58-CC87-4D37-A674-2F5BC5550A98}.Release|Any CPU.Build.0 = Release|Any CPU
		{E35C2027-35F4-4DE3-B803-F97E25C904B8}.Debug|Any CPU.ActiveCfg = Debug|Any CPU
		{E35C2027-35F4-4DE3-B803-F97E25C904B8}.Debug|Any CPU.Build.0 = Debug|Any CPU
		{E35C2027-35F4-4DE3-B803-F97E25C904B8}.Release|Any CPU.ActiveCfg = Release|Any CPU
		{E35C2027-35F4-4DE3-B803-F97E25C904B8}.Release|Any CPU.Build.0 = Release|Any CPU
		{FD84EFEB-A45A-4B72-A517-2E766EF80940}.Debug|Any CPU.ActiveCfg = Debug|Any CPU
		{FD84EFEB-A45A-4B72-A517-2E766EF80940}.Debug|Any CPU.Build.0 = Debug|Any CPU
		{FD84EFEB-A45A-4B72-A517-2E766EF80940}.Release|Any CPU.ActiveCfg = Release|Any CPU
		{FD84EFEB-A45A-4B72-A517-2E766EF80940}.Release|Any CPU.Build.0 = Release|Any CPU
		{91418A9A-1DF2-4D97-9FD5-3AF6885BAA10}.Debug|Any CPU.ActiveCfg = Debug|Any CPU
		{91418A9A-1DF2-4D97-9FD5-3AF6885BAA10}.Debug|Any CPU.Build.0 = Debug|Any CPU
		{91418A9A-1DF2-4D97-9FD5-3AF6885BAA10}.Release|Any CPU.ActiveCfg = Release|Any CPU
		{91418A9A-1DF2-4D97-9FD5-3AF6885BAA10}.Release|Any CPU.Build.0 = Release|Any CPU
		{AB64B4BD-5BEE-410F-B1C1-162CAB125B81}.Debug|Any CPU.ActiveCfg = Debug|Any CPU
		{AB64B4BD-5BEE-410F-B1C1-162CAB125B81}.Debug|Any CPU.Build.0 = Debug|Any CPU
		{AB64B4BD-5BEE-410F-B1C1-162CAB125B81}.Release|Any CPU.ActiveCfg = Release|Any CPU
		{AB64B4BD-5BEE-410F-B1C1-162CAB125B81}.Release|Any CPU.Build.0 = Release|Any CPU
		{3317EBF0-F306-478D-B421-C58A72F401AA}.Debug|Any CPU.ActiveCfg = Debug|Any CPU
		{3317EBF0-F306-478D-B421-C58A72F401AA}.Debug|Any CPU.Build.0 = Debug|Any CPU
		{3317EBF0-F306-478D-B421-C58A72F401AA}.Release|Any CPU.ActiveCfg = Release|Any CPU
		{3317EBF0-F306-478D-B421-C58A72F401AA}.Release|Any CPU.Build.0 = Release|Any CPU
		{0CF53550-43C2-4BD2-BF67-3A7FD9F48120}.Debug|Any CPU.ActiveCfg = Debug|Any CPU
		{0CF53550-43C2-4BD2-BF67-3A7FD9F48120}.Debug|Any CPU.Build.0 = Debug|Any CPU
		{0CF53550-43C2-4BD2-BF67-3A7FD9F48120}.Release|Any CPU.ActiveCfg = Release|Any CPU
		{0CF53550-43C2-4BD2-BF67-3A7FD9F48120}.Release|Any CPU.Build.0 = Release|Any CPU
		{0A885953-CB7E-48D4-B4CB-01DA5ABAB7A1}.Debug|Any CPU.ActiveCfg = Debug|Any CPU
		{0A885953-CB7E-48D4-B4CB-01DA5ABAB7A1}.Debug|Any CPU.Build.0 = Debug|Any CPU
		{0A885953-CB7E-48D4-B4CB-01DA5ABAB7A1}.Release|Any CPU.ActiveCfg = Release|Any CPU
		{0A885953-CB7E-48D4-B4CB-01DA5ABAB7A1}.Release|Any CPU.Build.0 = Release|Any CPU
		{FA5885B2-F65A-4CC2-8273-C0E4178BD492}.Debug|Any CPU.ActiveCfg = Debug|Any CPU
		{FA5885B2-F65A-4CC2-8273-C0E4178BD492}.Debug|Any CPU.Build.0 = Debug|Any CPU
		{FA5885B2-F65A-4CC2-8273-C0E4178BD492}.Release|Any CPU.ActiveCfg = Release|Any CPU
		{FA5885B2-F65A-4CC2-8273-C0E4178BD492}.Release|Any CPU.Build.0 = Release|Any CPU
		{76E95DCE-C9EB-438D-9751-1388B5D693D8}.Debug|Any CPU.ActiveCfg = Debug|Any CPU
		{76E95DCE-C9EB-438D-9751-1388B5D693D8}.Debug|Any CPU.Build.0 = Debug|Any CPU
		{76E95DCE-C9EB-438D-9751-1388B5D693D8}.Release|Any CPU.ActiveCfg = Release|Any CPU
		{76E95DCE-C9EB-438D-9751-1388B5D693D8}.Release|Any CPU.Build.0 = Release|Any CPU
		{37F2FC7C-F658-4B51-8867-D6ABE5D905F9}.Debug|Any CPU.ActiveCfg = Debug|Any CPU
		{37F2FC7C-F658-4B51-8867-D6ABE5D905F9}.Debug|Any CPU.Build.0 = Debug|Any CPU
		{37F2FC7C-F658-4B51-8867-D6ABE5D905F9}.Release|Any CPU.ActiveCfg = Release|Any CPU
		{37F2FC7C-F658-4B51-8867-D6ABE5D905F9}.Release|Any CPU.Build.0 = Release|Any CPU
		{662E25A2-78B8-4AEB-AC52-2327FBB13EC4}.Debug|Any CPU.ActiveCfg = Debug|Any CPU
		{662E25A2-78B8-4AEB-AC52-2327FBB13EC4}.Debug|Any CPU.Build.0 = Debug|Any CPU
		{662E25A2-78B8-4AEB-AC52-2327FBB13EC4}.Release|Any CPU.ActiveCfg = Release|Any CPU
		{662E25A2-78B8-4AEB-AC52-2327FBB13EC4}.Release|Any CPU.Build.0 = Release|Any CPU
		{DCEBCEDB-5FE5-47C8-967E-6432C42F7F10}.Debug|Any CPU.ActiveCfg = Debug|Any CPU
		{DCEBCEDB-5FE5-47C8-967E-6432C42F7F10}.Debug|Any CPU.Build.0 = Debug|Any CPU
		{DCEBCEDB-5FE5-47C8-967E-6432C42F7F10}.Release|Any CPU.ActiveCfg = Release|Any CPU
		{DCEBCEDB-5FE5-47C8-967E-6432C42F7F10}.Release|Any CPU.Build.0 = Release|Any CPU
	EndGlobalSection
	GlobalSection(SolutionProperties) = preSolution
		HideSolutionNode = FALSE
	EndGlobalSection
	GlobalSection(NestedProjects) = preSolution
		{91418A9A-1DF2-4D97-9FD5-3AF6885BAA10} = {8BAE4F38-1C1E-4C64-B8AE-C87A040A995C}
		{AB64B4BD-5BEE-410F-B1C1-162CAB125B81} = {8DAF7066-DD7F-4FAA-8B08-9A7268EE8D3B}
		{3317EBF0-F306-478D-B421-C58A72F401AA} = {8DAF7066-DD7F-4FAA-8B08-9A7268EE8D3B}
		{0CF53550-43C2-4BD2-BF67-3A7FD9F48120} = {8DAF7066-DD7F-4FAA-8B08-9A7268EE8D3B}
		{0A885953-CB7E-48D4-B4CB-01DA5ABAB7A1} = {8DAF7066-DD7F-4FAA-8B08-9A7268EE8D3B}
		{FA5885B2-F65A-4CC2-8273-C0E4178BD492} = {8DAF7066-DD7F-4FAA-8B08-9A7268EE8D3B}
		{76E95DCE-C9EB-438D-9751-1388B5D693D8} = {8DAF7066-DD7F-4FAA-8B08-9A7268EE8D3B}
		{37F2FC7C-F658-4B51-8867-D6ABE5D905F9} = {8DAF7066-DD7F-4FAA-8B08-9A7268EE8D3B}
		{662E25A2-78B8-4AEB-AC52-2327FBB13EC4} = {696D57E4-820D-47AD-BE30-79A32B390604}
		{DCEBCEDB-5FE5-47C8-967E-6432C42F7F10} = {A81FD3C0-3A70-41EF-8DE0-2560C0A182F9}
	EndGlobalSection
	GlobalSection(ExtensibilityGlobals) = postSolution
		SolutionGuid = {B16728CD-744D-4803-BE18-14BF0CEC1DD7}
	EndGlobalSection
EndGlobal
